// !$*UTF8*$!
{
	archiveVersion = 1;
	classes = {
	};
	objectVersion = 50;
	objects = {

/* Begin PBXBuildFile section */
		22F95191251FFADE009F8469 /* AppDelegate.swift in Sources */ = {isa = PBXBuildFile; fileRef = 22F95190251FFADE009F8469 /* AppDelegate.swift */; };
		22F95193251FFADE009F8469 /* SceneDelegate.swift in Sources */ = {isa = PBXBuildFile; fileRef = 22F95192251FFADE009F8469 /* SceneDelegate.swift */; };
		22F95195251FFADE009F8469 /* ViewController.swift in Sources */ = {isa = PBXBuildFile; fileRef = 22F95194251FFADE009F8469 /* ViewController.swift */; };
		22F95198251FFADE009F8469 /* Main.storyboard in Resources */ = {isa = PBXBuildFile; fileRef = 22F95196251FFADE009F8469 /* Main.storyboard */; };
		22F9519A251FFADE009F8469 /* Assets.xcassets in Resources */ = {isa = PBXBuildFile; fileRef = 22F95199251FFADE009F8469 /* Assets.xcassets */; };
		22F9519D251FFADE009F8469 /* LaunchScreen.storyboard in Resources */ = {isa = PBXBuildFile; fileRef = 22F9519B251FFADE009F8469 /* LaunchScreen.storyboard */; };
		22F951A8251FFADF009F8469 /* FlixTests.swift in Sources */ = {isa = PBXBuildFile; fileRef = 22F951A7251FFADF009F8469 /* FlixTests.swift */; };
		22F951B3251FFADF009F8469 /* FlixUITests.swift in Sources */ = {isa = PBXBuildFile; fileRef = 22F951B2251FFADF009F8469 /* FlixUITests.swift */; };
/* End PBXBuildFile section */

/* Begin PBXContainerItemProxy section */
		22F951A4251FFADF009F8469 /* PBXContainerItemProxy */ = {
			isa = PBXContainerItemProxy;
			containerPortal = 22F95185251FFADE009F8469 /* Project object */;
			proxyType = 1;
			remoteGlobalIDString = 22F9518C251FFADE009F8469;
			remoteInfo = Flix;
		};
		22F951AF251FFADF009F8469 /* PBXContainerItemProxy */ = {
			isa = PBXContainerItemProxy;
			containerPortal = 22F95185251FFADE009F8469 /* Project object */;
			proxyType = 1;
			remoteGlobalIDString = 22F9518C251FFADE009F8469;
			remoteInfo = Flix;
		};
/* End PBXContainerItemProxy section */

/* Begin PBXFileReference section */
		22F9518D251FFADE009F8469 /* Flix.app */ = {isa = PBXFileReference; explicitFileType = wrapper.application; includeInIndex = 0; path = Flix.app; sourceTree = BUILT_PRODUCTS_DIR; };
		22F95190251FFADE009F8469 /* AppDelegate.swift */ = {isa = PBXFileReference; lastKnownFileType = sourcecode.swift; path = AppDelegate.swift; sourceTree = "<group>"; };
		22F95192251FFADE009F8469 /* SceneDelegate.swift */ = {isa = PBXFileReference; lastKnownFileType = sourcecode.swift; path = SceneDelegate.swift; sourceTree = "<group>"; };
		22F95194251FFADE009F8469 /* ViewController.swift */ = {isa = PBXFileReference; lastKnownFileType = sourcecode.swift; path = ViewController.swift; sourceTree = "<group>"; };
		22F95197251FFADE009F8469 /* Base */ = {isa = PBXFileReference; lastKnownFileType = file.storyboard; name = Base; path = Base.lproj/Main.storyboard; sourceTree = "<group>"; };
		22F95199251FFADE009F8469 /* Assets.xcassets */ = {isa = PBXFileReference; lastKnownFileType = folder.assetcatalog; path = Assets.xcassets; sourceTree = "<group>"; };
		22F9519C251FFADE009F8469 /* Base */ = {isa = PBXFileReference; lastKnownFileType = file.storyboard; name = Base; path = Base.lproj/LaunchScreen.storyboard; sourceTree = "<group>"; };
		22F9519E251FFADE009F8469 /* Info.plist */ = {isa = PBXFileReference; lastKnownFileType = text.plist.xml; path = Info.plist; sourceTree = "<group>"; };
		22F951A3251FFADF009F8469 /* FlixTests.xctest */ = {isa = PBXFileReference; explicitFileType = wrapper.cfbundle; includeInIndex = 0; path = FlixTests.xctest; sourceTree = BUILT_PRODUCTS_DIR; };
		22F951A7251FFADF009F8469 /* FlixTests.swift */ = {isa = PBXFileReference; lastKnownFileType = sourcecode.swift; path = FlixTests.swift; sourceTree = "<group>"; };
		22F951A9251FFADF009F8469 /* Info.plist */ = {isa = PBXFileReference; lastKnownFileType = text.plist.xml; path = Info.plist; sourceTree = "<group>"; };
		22F951AE251FFADF009F8469 /* FlixUITests.xctest */ = {isa = PBXFileReference; explicitFileType = wrapper.cfbundle; includeInIndex = 0; path = FlixUITests.xctest; sourceTree = BUILT_PRODUCTS_DIR; };
		22F951B2251FFADF009F8469 /* FlixUITests.swift */ = {isa = PBXFileReference; lastKnownFileType = sourcecode.swift; path = FlixUITests.swift; sourceTree = "<group>"; };
		22F951B4251FFADF009F8469 /* Info.plist */ = {isa = PBXFileReference; lastKnownFileType = text.plist.xml; path = Info.plist; sourceTree = "<group>"; };
/* End PBXFileReference section */

/* Begin PBXFrameworksBuildPhase section */
		22F9518A251FFADE009F8469 /* Frameworks */ = {
			isa = PBXFrameworksBuildPhase;
			buildActionMask = 2147483647;
			files = (
			);
			runOnlyForDeploymentPostprocessing = 0;
		};
		22F951A0251FFADF009F8469 /* Frameworks */ = {
			isa = PBXFrameworksBuildPhase;
			buildActionMask = 2147483647;
			files = (
			);
			runOnlyForDeploymentPostprocessing = 0;
		};
		22F951AB251FFADF009F8469 /* Frameworks */ = {
			isa = PBXFrameworksBuildPhase;
			buildActionMask = 2147483647;
			files = (
			);
			runOnlyForDeploymentPostprocessing = 0;
		};
/* End PBXFrameworksBuildPhase section */

/* Begin PBXGroup section */
		22F95184251FFADE009F8469 = {
			isa = PBXGroup;
			children = (
				22F9518F251FFADE009F8469 /* Flix */,
				22F951A6251FFADF009F8469 /* FlixTests */,
				22F951B1251FFADF009F8469 /* FlixUITests */,
				22F9518E251FFADE009F8469 /* Products */,
			);
			sourceTree = "<group>";
		};
		22F9518E251FFADE009F8469 /* Products */ = {
			isa = PBXGroup;
			children = (
				22F9518D251FFADE009F8469 /* Flix.app */,
				22F951A3251FFADF009F8469 /* FlixTests.xctest */,
				22F951AE251FFADF009F8469 /* FlixUITests.xctest */,
			);
			name = Products;
			sourceTree = "<group>";
		};
		22F9518F251FFADE009F8469 /* Flix */ = {
			isa = PBXGroup;
			children = (
				22F95190251FFADE009F8469 /* AppDelegate.swift */,
				22F95192251FFADE009F8469 /* SceneDelegate.swift */,
				22F95194251FFADE009F8469 /* ViewController.swift */,
				22F95196251FFADE009F8469 /* Main.storyboard */,
				22F95199251FFADE009F8469 /* Assets.xcassets */,
				22F9519B251FFADE009F8469 /* LaunchScreen.storyboard */,
				22F9519E251FFADE009F8469 /* Info.plist */,
			);
			path = Flix;
			sourceTree = "<group>";
		};
		22F951A6251FFADF009F8469 /* FlixTests */ = {
			isa = PBXGroup;
			children = (
				22F951A7251FFADF009F8469 /* FlixTests.swift */,
				22F951A9251FFADF009F8469 /* Info.plist */,
			);
			path = FlixTests;
			sourceTree = "<group>";
		};
		22F951B1251FFADF009F8469 /* FlixUITests */ = {
			isa = PBXGroup;
			children = (
				22F951B2251FFADF009F8469 /* FlixUITests.swift */,
				22F951B4251FFADF009F8469 /* Info.plist */,
			);
			path = FlixUITests;
			sourceTree = "<group>";
		};
/* End PBXGroup section */

/* Begin PBXNativeTarget section */
		22F9518C251FFADE009F8469 /* Flix */ = {
			isa = PBXNativeTarget;
			buildConfigurationList = 22F951B7251FFADF009F8469 /* Build configuration list for PBXNativeTarget "Flix" */;
			buildPhases = (
				22F95189251FFADE009F8469 /* Sources */,
				22F9518A251FFADE009F8469 /* Frameworks */,
				22F9518B251FFADE009F8469 /* Resources */,
			);
			buildRules = (
			);
			dependencies = (
			);
			name = Flix;
			productName = Flix;
			productReference = 22F9518D251FFADE009F8469 /* Flix.app */;
			productType = "com.apple.product-type.application";
		};
		22F951A2251FFADF009F8469 /* FlixTests */ = {
			isa = PBXNativeTarget;
			buildConfigurationList = 22F951BA251FFADF009F8469 /* Build configuration list for PBXNativeTarget "FlixTests" */;
			buildPhases = (
				22F9519F251FFADF009F8469 /* Sources */,
				22F951A0251FFADF009F8469 /* Frameworks */,
				22F951A1251FFADF009F8469 /* Resources */,
			);
			buildRules = (
			);
			dependencies = (
				22F951A5251FFADF009F8469 /* PBXTargetDependency */,
			);
			name = FlixTests;
			productName = FlixTests;
			productReference = 22F951A3251FFADF009F8469 /* FlixTests.xctest */;
			productType = "com.apple.product-type.bundle.unit-test";
		};
		22F951AD251FFADF009F8469 /* FlixUITests */ = {
			isa = PBXNativeTarget;
			buildConfigurationList = 22F951BD251FFADF009F8469 /* Build configuration list for PBXNativeTarget "FlixUITests" */;
			buildPhases = (
				22F951AA251FFADF009F8469 /* Sources */,
				22F951AB251FFADF009F8469 /* Frameworks */,
				22F951AC251FFADF009F8469 /* Resources */,
			);
			buildRules = (
			);
			dependencies = (
				22F951B0251FFADF009F8469 /* PBXTargetDependency */,
			);
			name = FlixUITests;
			productName = FlixUITests;
			productReference = 22F951AE251FFADF009F8469 /* FlixUITests.xctest */;
			productType = "com.apple.product-type.bundle.ui-testing";
		};
/* End PBXNativeTarget section */

/* Begin PBXProject section */
		22F95185251FFADE009F8469 /* Project object */ = {
			isa = PBXProject;
			attributes = {
				LastSwiftUpdateCheck = 1200;
				LastUpgradeCheck = 1200;
				TargetAttributes = {
					22F9518C251FFADE009F8469 = {
						CreatedOnToolsVersion = 12.0.1;
					};
					22F951A2251FFADF009F8469 = {
						CreatedOnToolsVersion = 12.0.1;
						TestTargetID = 22F9518C251FFADE009F8469;
					};
					22F951AD251FFADF009F8469 = {
						CreatedOnToolsVersion = 12.0.1;
						TestTargetID = 22F9518C251FFADE009F8469;
					};
				};
			};
			buildConfigurationList = 22F95188251FFADE009F8469 /* Build configuration list for PBXProject "Flix" */;
			compatibilityVersion = "Xcode 9.3";
			developmentRegion = en;
			hasScannedForEncodings = 0;
			knownRegions = (
				en,
				Base,
			);
			mainGroup = 22F95184251FFADE009F8469;
			productRefGroup = 22F9518E251FFADE009F8469 /* Products */;
			projectDirPath = "";
			projectRoot = "";
			targets = (
				22F9518C251FFADE009F8469 /* Flix */,
				22F951A2251FFADF009F8469 /* FlixTests */,
				22F951AD251FFADF009F8469 /* FlixUITests */,
			);
		};
/* End PBXProject section */

/* Begin PBXResourcesBuildPhase section */
		22F9518B251FFADE009F8469 /* Resources */ = {
			isa = PBXResourcesBuildPhase;
			buildActionMask = 2147483647;
			files = (
				22F9519D251FFADE009F8469 /* LaunchScreen.storyboard in Resources */,
				22F9519A251FFADE009F8469 /* Assets.xcassets in Resources */,
				22F95198251FFADE009F8469 /* Main.storyboard in Resources */,
			);
			runOnlyForDeploymentPostprocessing = 0;
		};
		22F951A1251FFADF009F8469 /* Resources */ = {
			isa = PBXResourcesBuildPhase;
			buildActionMask = 2147483647;
			files = (
			);
			runOnlyForDeploymentPostprocessing = 0;
		};
		22F951AC251FFADF009F8469 /* Resources */ = {
			isa = PBXResourcesBuildPhase;
			buildActionMask = 2147483647;
			files = (
			);
			runOnlyForDeploymentPostprocessing = 0;
		};
/* End PBXResourcesBuildPhase section */

/* Begin PBXSourcesBuildPhase section */
		22F95189251FFADE009F8469 /* Sources */ = {
			isa = PBXSourcesBuildPhase;
			buildActionMask = 2147483647;
			files = (
				22F95195251FFADE009F8469 /* ViewController.swift in Sources */,
				22F95191251FFADE009F8469 /* AppDelegate.swift in Sources */,
				22F95193251FFADE009F8469 /* SceneDelegate.swift in Sources */,
			);
			runOnlyForDeploymentPostprocessing = 0;
		};
		22F9519F251FFADF009F8469 /* Sources */ = {
			isa = PBXSourcesBuildPhase;
			buildActionMask = 2147483647;
			files = (
				22F951A8251FFADF009F8469 /* FlixTests.swift in Sources */,
			);
			runOnlyForDeploymentPostprocessing = 0;
		};
		22F951AA251FFADF009F8469 /* Sources */ = {
			isa = PBXSourcesBuildPhase;
			buildActionMask = 2147483647;
			files = (
				22F951B3251FFADF009F8469 /* FlixUITests.swift in Sources */,
			);
			runOnlyForDeploymentPostprocessing = 0;
		};
/* End PBXSourcesBuildPhase section */

/* Begin PBXTargetDependency section */
		22F951A5251FFADF009F8469 /* PBXTargetDependency */ = {
			isa = PBXTargetDependency;
			target = 22F9518C251FFADE009F8469 /* Flix */;
			targetProxy = 22F951A4251FFADF009F8469 /* PBXContainerItemProxy */;
		};
		22F951B0251FFADF009F8469 /* PBXTargetDependency */ = {
			isa = PBXTargetDependency;
			target = 22F9518C251FFADE009F8469 /* Flix */;
			targetProxy = 22F951AF251FFADF009F8469 /* PBXContainerItemProxy */;
		};
/* End PBXTargetDependency section */

/* Begin PBXVariantGroup section */
		22F95196251FFADE009F8469 /* Main.storyboard */ = {
			isa = PBXVariantGroup;
			children = (
				22F95197251FFADE009F8469 /* Base */,
			);
			name = Main.storyboard;
			sourceTree = "<group>";
		};
		22F9519B251FFADE009F8469 /* LaunchScreen.storyboard */ = {
			isa = PBXVariantGroup;
			children = (
				22F9519C251FFADE009F8469 /* Base */,
			);
			name = LaunchScreen.storyboard;
			sourceTree = "<group>";
		};
/* End PBXVariantGroup section */

/* Begin XCBuildConfiguration section */
		22F951B5251FFADF009F8469 /* Debug */ = {
			isa = XCBuildConfiguration;
			buildSettings = {
				ALWAYS_SEARCH_USER_PATHS = NO;
				CLANG_ANALYZER_NONNULL = YES;
				CLANG_ANALYZER_NUMBER_OBJECT_CONVERSION = YES_AGGRESSIVE;
				CLANG_CXX_LANGUAGE_STANDARD = "gnu++14";
				CLANG_CXX_LIBRARY = "libc++";
				CLANG_ENABLE_MODULES = YES;
				CLANG_ENABLE_OBJC_ARC = YES;
				CLANG_ENABLE_OBJC_WEAK = YES;
				CLANG_WARN_BLOCK_CAPTURE_AUTORELEASING = YES;
				CLANG_WARN_BOOL_CONVERSION = YES;
				CLANG_WARN_COMMA = YES;
				CLANG_WARN_CONSTANT_CONVERSION = YES;
				CLANG_WARN_DEPRECATED_OBJC_IMPLEMENTATIONS = YES;
				CLANG_WARN_DIRECT_OBJC_ISA_USAGE = YES_ERROR;
				CLANG_WARN_DOCUMENTATION_COMMENTS = YES;
				CLANG_WARN_EMPTY_BODY = YES;
				CLANG_WARN_ENUM_CONVERSION = YES;
				CLANG_WARN_INFINITE_RECURSION = YES;
				CLANG_WARN_INT_CONVERSION = YES;
				CLANG_WARN_NON_LITERAL_NULL_CONVERSION = YES;
				CLANG_WARN_OBJC_IMPLICIT_RETAIN_SELF = YES;
				CLANG_WARN_OBJC_LITERAL_CONVERSION = YES;
				CLANG_WARN_OBJC_ROOT_CLASS = YES_ERROR;
				CLANG_WARN_QUOTED_INCLUDE_IN_FRAMEWORK_HEADER = YES;
				CLANG_WARN_RANGE_LOOP_ANALYSIS = YES;
				CLANG_WARN_STRICT_PROTOTYPES = YES;
				CLANG_WARN_SUSPICIOUS_MOVE = YES;
				CLANG_WARN_UNGUARDED_AVAILABILITY = YES_AGGRESSIVE;
				CLANG_WARN_UNREACHABLE_CODE = YES;
				CLANG_WARN__DUPLICATE_METHOD_MATCH = YES;
				COPY_PHASE_STRIP = NO;
				DEBUG_INFORMATION_FORMAT = dwarf;
				ENABLE_STRICT_OBJC_MSGSEND = YES;
				ENABLE_TESTABILITY = YES;
				GCC_C_LANGUAGE_STANDARD = gnu11;
				GCC_DYNAMIC_NO_PIC = NO;
				GCC_NO_COMMON_BLOCKS = YES;
				GCC_OPTIMIZATION_LEVEL = 0;
				GCC_PREPROCESSOR_DEFINITIONS = (
					"DEBUG=1",
					"$(inherited)",
				);
				GCC_WARN_64_TO_32_BIT_CONVERSION = YES;
				GCC_WARN_ABOUT_RETURN_TYPE = YES_ERROR;
				GCC_WARN_UNDECLARED_SELECTOR = YES;
				GCC_WARN_UNINITIALIZED_AUTOS = YES_AGGRESSIVE;
				GCC_WARN_UNUSED_FUNCTION = YES;
				GCC_WARN_UNUSED_VARIABLE = YES;
				IPHONEOS_DEPLOYMENT_TARGET = 14.0;
				MTL_ENABLE_DEBUG_INFO = INCLUDE_SOURCE;
				MTL_FAST_MATH = YES;
				ONLY_ACTIVE_ARCH = YES;
				SDKROOT = iphoneos;
				SWIFT_ACTIVE_COMPILATION_CONDITIONS = DEBUG;
				SWIFT_OPTIMIZATION_LEVEL = "-Onone";
			};
			name = Debug;
		};
		22F951B6251FFADF009F8469 /* Release */ = {
			isa = XCBuildConfiguration;
			buildSettings = {
				ALWAYS_SEARCH_USER_PATHS = NO;
				CLANG_ANALYZER_NONNULL = YES;
				CLANG_ANALYZER_NUMBER_OBJECT_CONVERSION = YES_AGGRESSIVE;
				CLANG_CXX_LANGUAGE_STANDARD = "gnu++14";
				CLANG_CXX_LIBRARY = "libc++";
				CLANG_ENABLE_MODULES = YES;
				CLANG_ENABLE_OBJC_ARC = YES;
				CLANG_ENABLE_OBJC_WEAK = YES;
				CLANG_WARN_BLOCK_CAPTURE_AUTORELEASING = YES;
				CLANG_WARN_BOOL_CONVERSION = YES;
				CLANG_WARN_COMMA = YES;
				CLANG_WARN_CONSTANT_CONVERSION = YES;
				CLANG_WARN_DEPRECATED_OBJC_IMPLEMENTATIONS = YES;
				CLANG_WARN_DIRECT_OBJC_ISA_USAGE = YES_ERROR;
				CLANG_WARN_DOCUMENTATION_COMMENTS = YES;
				CLANG_WARN_EMPTY_BODY = YES;
				CLANG_WARN_ENUM_CONVERSION = YES;
				CLANG_WARN_INFINITE_RECURSION = YES;
				CLANG_WARN_INT_CONVERSION = YES;
				CLANG_WARN_NON_LITERAL_NULL_CONVERSION = YES;
				CLANG_WARN_OBJC_IMPLICIT_RETAIN_SELF = YES;
				CLANG_WARN_OBJC_LITERAL_CONVERSION = YES;
				CLANG_WARN_OBJC_ROOT_CLASS = YES_ERROR;
				CLANG_WARN_QUOTED_INCLUDE_IN_FRAMEWORK_HEADER = YES;
				CLANG_WARN_RANGE_LOOP_ANALYSIS = YES;
				CLANG_WARN_STRICT_PROTOTYPES = YES;
				CLANG_WARN_SUSPICIOUS_MOVE = YES;
				CLANG_WARN_UNGUARDED_AVAILABILITY = YES_AGGRESSIVE;
				CLANG_WARN_UNREACHABLE_CODE = YES;
				CLANG_WARN__DUPLICATE_METHOD_MATCH = YES;
				COPY_PHASE_STRIP = NO;
				DEBUG_INFORMATION_FORMAT = "dwarf-with-dsym";
				ENABLE_NS_ASSERTIONS = NO;
				ENABLE_STRICT_OBJC_MSGSEND = YES;
				GCC_C_LANGUAGE_STANDARD = gnu11;
				GCC_NO_COMMON_BLOCKS = YES;
				GCC_WARN_64_TO_32_BIT_CONVERSION = YES;
				GCC_WARN_ABOUT_RETURN_TYPE = YES_ERROR;
				GCC_WARN_UNDECLARED_SELECTOR = YES;
				GCC_WARN_UNINITIALIZED_AUTOS = YES_AGGRESSIVE;
				GCC_WARN_UNUSED_FUNCTION = YES;
				GCC_WARN_UNUSED_VARIABLE = YES;
				IPHONEOS_DEPLOYMENT_TARGET = 14.0;
				MTL_ENABLE_DEBUG_INFO = NO;
				MTL_FAST_MATH = YES;
				SDKROOT = iphoneos;
				SWIFT_COMPILATION_MODE = wholemodule;
				SWIFT_OPTIMIZATION_LEVEL = "-O";
				VALIDATE_PRODUCT = YES;
			};
			name = Release;
		};
		22F951B8251FFADF009F8469 /* Debug */ = {
			isa = XCBuildConfiguration;
			buildSettings = {
				ASSETCATALOG_COMPILER_APPICON_NAME = AppIcon;
				ASSETCATALOG_COMPILER_GLOBAL_ACCENT_COLOR_NAME = AccentColor;
				CODE_SIGN_STYLE = Automatic;
				DEVELOPMENT_TEAM = RZG65TU6A2;
				INFOPLIST_FILE = Flix/Info.plist;
				LD_RUNPATH_SEARCH_PATHS = (
					"$(inherited)",
					"@executable_path/Frameworks",
				);
				PRODUCT_BUNDLE_IDENTIFIER = com.codepath.Flix;
				PRODUCT_NAME = "$(TARGET_NAME)";
				SWIFT_VERSION = 5.0;
				TARGETED_DEVICE_FAMILY = "1,2";
			};
			name = Debug;
		};
		22F951B9251FFADF009F8469 /* Release */ = {
			isa = XCBuildConfiguration;
			buildSettings = {
				ASSETCATALOG_COMPILER_APPICON_NAME = AppIcon;
				ASSETCATALOG_COMPILER_GLOBAL_ACCENT_COLOR_NAME = AccentColor;
				CODE_SIGN_STYLE = Automatic;
				DEVELOPMENT_TEAM = RZG65TU6A2;
				INFOPLIST_FILE = Flix/Info.plist;
				LD_RUNPATH_SEARCH_PATHS = (
					"$(inherited)",
					"@executable_path/Frameworks",
				);
				PRODUCT_BUNDLE_IDENTIFIER = com.codepath.Flix;
				PRODUCT_NAME = "$(TARGET_NAME)";
				SWIFT_VERSION = 5.0;
				TARGETED_DEVICE_FAMILY = "1,2";
			};
			name = Release;
		};
		22F951BB251FFADF009F8469 /* Debug */ = {
			isa = XCBuildConfiguration;
			buildSettings = {
				ALWAYS_EMBED_SWIFT_STANDARD_LIBRARIES = YES;
				BUNDLE_LOADER = "$(TEST_HOST)";
				CODE_SIGN_STYLE = Automatic;
				DEVELOPMENT_TEAM = RZG65TU6A2;
				INFOPLIST_FILE = FlixTests/Info.plist;
				IPHONEOS_DEPLOYMENT_TARGET = 14.0;
				LD_RUNPATH_SEARCH_PATHS = (
					"$(inherited)",
					"@executable_path/Frameworks",
					"@loader_path/Frameworks",
				);
				PRODUCT_BUNDLE_IDENTIFIER = com.codepath.FlixTests;
				PRODUCT_NAME = "$(TARGET_NAME)";
				SWIFT_VERSION = 5.0;
				TARGETED_DEVICE_FAMILY = "1,2";
				TEST_HOST = "$(BUILT_PRODUCTS_DIR)/Flix.app/Flix";
			};
			name = Debug;
		};
		22F951BC251FFADF009F8469 /* Release */ = {
			isa = XCBuildConfiguration;
			buildSettings = {
				ALWAYS_EMBED_SWIFT_STANDARD_LIBRARIES = YES;
				BUNDLE_LOADER = "$(TEST_HOST)";
				CODE_SIGN_STYLE = Automatic;
				DEVELOPMENT_TEAM = RZG65TU6A2;
				INFOPLIST_FILE = FlixTests/Info.plist;
				IPHONEOS_DEPLOYMENT_TARGET = 14.0;
				LD_RUNPATH_SEARCH_PATHS = (
					"$(inherited)",
					"@executable_path/Frameworks",
					"@loader_path/Frameworks",
				);
				PRODUCT_BUNDLE_IDENTIFIER = com.codepath.FlixTests;
				PRODUCT_NAME = "$(TARGET_NAME)";
				SWIFT_VERSION = 5.0;
				TARGETED_DEVICE_FAMILY = "1,2";
				TEST_HOST = "$(BUILT_PRODUCTS_DIR)/Flix.app/Flix";
			};
			name = Release;
		};
		22F951BE251FFADF009F8469 /* Debug */ = {
			isa = XCBuildConfiguration;
			buildSettings = {
				ALWAYS_EMBED_SWIFT_STANDARD_LIBRARIES = YES;
				CODE_SIGN_STYLE = Automatic;
				DEVELOPMENT_TEAM = RZG65TU6A2;
				INFOPLIST_FILE = FlixUITests/Info.plist;
				LD_RUNPATH_SEARCH_PATHS = (
					"$(inherited)",
					"@executable_path/Frameworks",
					"@loader_path/Frameworks",
				);
				PRODUCT_BUNDLE_IDENTIFIER = com.codepath.FlixUITests;
				PRODUCT_NAME = "$(TARGET_NAME)";
				SWIFT_VERSION = 5.0;
				TARGETED_DEVICE_FAMILY = "1,2";
				TEST_TARGET_NAME = Flix;
			};
			name = Debug;
		};
		22F951BF251FFADF009F8469 /* Release */ = {
			isa = XCBuildConfiguration;
			buildSettings = {
				ALWAYS_EMBED_SWIFT_STANDARD_LIBRARIES = YES;
				CODE_SIGN_STYLE = Automatic;
				DEVELOPMENT_TEAM = RZG65TU6A2;
				INFOPLIST_FILE = FlixUITests/Info.plist;
				LD_RUNPATH_SEARCH_PATHS = (
					"$(inherited)",
					"@executable_path/Frameworks",
					"@loader_path/Frameworks",
				);
				PRODUCT_BUNDLE_IDENTIFIER = com.codepath.FlixUITests;
				PRODUCT_NAME = "$(TARGET_NAME)";
				SWIFT_VERSION = 5.0;
				TARGETED_DEVICE_FAMILY = "1,2";
				TEST_TARGET_NAME = Flix;
			};
			name = Release;
		};
/* End XCBuildConfiguration section */

/* Begin XCConfigurationList section */
		22F95188251FFADE009F8469 /* Build configuration list for PBXProject "Flix" */ = {
			isa = XCConfigurationList;
			buildConfigurations = (
				22F951B5251FFADF009F8469 /* Debug */,
				22F951B6251FFADF009F8469 /* Release */,
			);
			defaultConfigurationIsVisible = 0;
			defaultConfigurationName = Release;
		};
		22F951B7251FFADF009F8469 /* Build configuration list for PBXNativeTarget "Flix" */ = {
			isa = XCConfigurationList;
			buildConfigurations = (
				22F951B8251FFADF009F8469 /* Debug */,
				22F951B9251FFADF009F8469 /* Release */,
			);
			defaultConfigurationIsVisible = 0;
			defaultConfigurationName = Release;
		};
		22F951BA251FFADF009F8469 /* Build configuration list for PBXNativeTarget "FlixTests" */ = {
			isa = XCConfigurationList;
			buildConfigurations = (
				22F951BB251FFADF009F8469 /* Debug */,
				22F951BC251FFADF009F8469 /* Release */,
			);
			defaultConfigurationIsVisible = 0;
			defaultConfigurationName = Release;
		};
		22F951BD251FFADF009F8469 /* Build configuration list for PBXNativeTarget "FlixUITests" */ = {
			isa = XCConfigurationList;
			buildConfigurations = (
				22F951BE251FFADF009F8469 /* Debug */,
				22F951BF251FFADF009F8469 /* Release */,
			);
			defaultConfigurationIsVisible = 0;
			defaultConfigurationName = Release;
		};
/* End XCConfigurationList section */
	};
	rootObject = 22F95185251FFADE009F8469 /* Project object */;
}
